
Microsoft Visual Studio Solution File, Format Version 12.00
# Visual Studio 2013
VisualStudioVersion = 12.0.21005.1
MinimumVisualStudioVersion = 10.0.40219.1
Project("{8BC9CEB8-8B4A-11D0-8D11-00A0C91BC942}") = "Template", "Template\Template.vcxproj", "{4271522D-DD01-43D6-85A8-E39436295560}"
EndProject
Project("{8BC9CEB8-8B4A-11D0-8D11-00A0C91BC942}") = "Strategy", "Strategy\Strategy.vcxproj", "{5CD72D48-F2E0-4FA2-AC98-1EA4A598D137}"
EndProject
Project("{8BC9CEB8-8B4A-11D0-8D11-00A0C91BC942}") = "Responsibility", "Responsibility\Responsibility.vcxproj", "{804EBCF4-9076-4173-993D-16C5CA6A00C0}"
EndProject
Project("{8BC9CEB8-8B4A-11D0-8D11-00A0C91BC942}") = "Iterator", "Iterator\Iterator.vcxproj", "{BA499994-5F1E-486B-B3C4-019CD4088F1C}"
EndProject
Project("{8BC9CEB8-8B4A-11D0-8D11-00A0C91BC942}") = "State", "State\State.vcxproj", "{45A935A7-2C5C-4899-93D9-35A245E11698}"
EndProject
Project("{8BC9CEB8-8B4A-11D0-8D11-00A0C91BC942}") = "Memento", "Memento\Memento.vcxproj", "{8BDC8D83-6825-45EB-9855-77ED4B018C3D}"
EndProject
Project("{8BC9CEB8-8B4A-11D0-8D11-00A0C91BC942}") = "Observer", "Observer\Observer.vcxproj", "{79A4C0A1-6FF1-41A5-90CD-C7D416A4CA2D}"
EndProject
Project("{8BC9CEB8-8B4A-11D0-8D11-00A0C91BC942}") = "Mediator", "Mediator\Mediator.vcxproj", "{BF834B12-F508-4B66-A367-5DB72A5CDB4C}"
EndProject
Project("{8BC9CEB8-8B4A-11D0-8D11-00A0C91BC942}") = "Command", "Command\Command.vcxproj", "{09413DF0-28B3-45A7-B0DB-6076FA9CDC0C}"
EndProject
Project("{8BC9CEB8-8B4A-11D0-8D11-00A0C91BC942}") = "Visitor", "Visitor\Visitor.vcxproj", "{8F91863E-94A0-44E2-A60E-E9D22E722655}"
EndProject
Global
	GlobalSection(SolutionConfigurationPlatforms) = preSolution
		Debug|Win32 = Debug|Win32
		Release|Win32 = Release|Win32
	EndGlobalSection
	GlobalSection(ProjectConfigurationPlatforms) = postSolution
		{4271522D-DD01-43D6-85A8-E39436295560}.Debug|Win32.ActiveCfg = Debug|Win32
		{4271522D-DD01-43D6-85A8-E39436295560}.Debug|Win32.Build.0 = Debug|Win32
		{4271522D-DD01-43D6-85A8-E39436295560}.Release|Win32.ActiveCfg = Release|Win32
		{4271522D-DD01-43D6-85A8-E39436295560}.Release|Win32.Build.0 = Release|Win32
		{5CD72D48-F2E0-4FA2-AC98-1EA4A598D137}.Debug|Win32.ActiveCfg = Debug|Win32
		{5CD72D48-F2E0-4FA2-AC98-1EA4A598D137}.Debug|Win32.Build.0 = Debug|Win32
		{5CD72D48-F2E0-4FA2-AC98-1EA4A598D137}.Release|Win32.ActiveCfg = Release|Win32
		{5CD72D48-F2E0-4FA2-AC98-1EA4A598D137}.Release|Win32.Build.0 = Release|Win32
		{804EBCF4-9076-4173-993D-16C5CA6A00C0}.Debug|Win32.ActiveCfg = Debug|Win32
		{804EBCF4-9076-4173-993D-16C5CA6A00C0}.Debug|Win32.Build.0 = Debug|Win32
		{804EBCF4-9076-4173-993D-16C5CA6A00C0}.Release|Win32.ActiveCfg = Release|Win32
		{804EBCF4-9076-4173-993D-16C5CA6A00C0}.Release|Win32.Build.0 = Release|Win32
		{BA499994-5F1E-486B-B3C4-019CD4088F1C}.Debug|Win32.ActiveCfg = Debug|Win32
		{BA499994-5F1E-486B-B3C4-019CD4088F1C}.Debug|Win32.Build.0 = Debug|Win32
		{BA499994-5F1E-486B-B3C4-019CD4088F1C}.Release|Win32.ActiveCfg = Release|Win32
		{BA499994-5F1E-486B-B3C4-019CD4088F1C}.Release|Win32.Build.0 = Release|Win32
		{45A935A7-2C5C-4899-93D9-35A245E11698}.Debug|Win32.ActiveCfg = Debug|Win32
		{45A935A7-2C5C-4899-93D9-35A245E11698}.Debug|Win32.Build.0 = Debug|Win32
		{45A935A7-2C5C-4899-93D9-35A245E11698}.Release|Win32.ActiveCfg = Release|Win32
		{45A935A7-2C5C-4899-93D9-35A245E11698}.Release|Win32.Build.0 = Release|Win32
		{8BDC8D83-6825-45EB-9855-77ED4B018C3D}.Debug|Win32.ActiveCfg = Debug|Win32
		{8BDC8D83-6825-45EB-9855-77ED4B018C3D}.Debug|Win32.Build.0 = Debug|Win32
		{8BDC8D83-6825-45EB-9855-77ED4B018C3D}.Release|Win32.ActiveCfg = Release|Win32
		{8BDC8D83-6825-45EB-9855-77ED4B018C3D}.Release|Win32.Build.0 = Release|Win32
		{79A4C0A1-6FF1-41A5-90CD-C7D416A4CA2D}.Debug|Win32.ActiveCfg = Debug|Win32
		{79A4C0A1-6FF1-41A5-90CD-C7D416A4CA2D}.Debug|Win32.Build.0 = Debug|Win32
		{79A4C0A1-6FF1-41A5-90CD-C7D416A4CA2D}.Release|Win32.ActiveCfg = Release|Win32
		{79A4C0A1-6FF1-41A5-90CD-C7D416A4CA2D}.Release|Win32.Build.0 = Release|Win32
		{BF834B12-F508-4B66-A367-5DB72A5CDB4C}.Debug|Win32.ActiveCfg = Debug|Win32
		{BF834B12-F508-4B66-A367-5DB72A5CDB4C}.Debug|Win32.Build.0 = Debug|Win32
		{BF834B12-F508-4B66-A367-5DB72A5CDB4C}.Release|Win32.ActiveCfg = Release|Win32
		{BF834B12-F508-4B66-A367-5DB72A5CDB4C}.Release|Win32.Build.0 = Release|Win32
		{09413DF0-28B3-45A7-B0DB-6076FA9CDC0C}.Debug|Win32.ActiveCfg = Debug|Win32
		{09413DF0-28B3-45A7-B0DB-6076FA9CDC0C}.Debug|Win32.Build.0 = Debug|Win32
		{09413DF0-28B3-45A7-B0DB-6076FA9CDC0C}.Release|Win32.ActiveCfg = Release|Win32
		{09413DF0-28B3-45A7-B0DB-6076FA9CDC0C}.Release|Win32.Build.0 = Release|Win32
		{8F91863E-94A0-44E2-A60E-E9D22E722655}.Debug|Win32.ActiveCfg = Debug|Win32
		{8F91863E-94A0-44E2-A60E-E9D22E722655}.Debug|Win32.Build.0 = Debug|Win32
		{8F91863E-94A0-44E2-A60E-E9D22E722655}.Release|Win32.ActiveCfg = Release|Win32
		{8F91863E-94A0-44E2-A60E-E9D22E722655}.Release|Win32.Build.0 = Release|Win32
	EndGlobalSection
	GlobalSection(SolutionProperties) = preSolution
		HideSolutionNode = FALSE
	EndGlobalSection
EndGlobal
